
Microsoft Visual Studio Solution File, Format Version 12.00
# Visual Studio Version 17
VisualStudioVersion = 17.13.35931.197 d17.13
MinimumVisualStudioVersion = 10.0.40219.1
Project("{FAE04EC0-301F-11D3-BF4B-00C04F79EFBC}") = "Controller", "Controller\Controller.csproj", "{0C7E6468-1CF7-474B-950A-DE27921EEDEF}"
EndProject
Project("{FAE04EC0-301F-11D3-BF4B-00C04F79EFBC}") = "DAL", "DAL\DAL.csproj", "{7139BAF8-DF6C-40CB-802B-06CE35E14613}"
EndProject
Project("{FAE04EC0-301F-11D3-BF4B-00C04F79EFBC}") = "BLL", "BLL\BLL.csproj", "{861B5D2E-913C-40F8-8C75-E462349AA963}"
EndProject
Global
	GlobalSection(SolutionConfigurationPlatforms) = preSolution
		Debug|Any CPU = Debug|Any CPU
		Release|Any CPU = Release|Any CPU
	EndGlobalSection
	GlobalSection(ProjectConfigurationPlatforms) = postSolution
		{0C7E6468-1CF7-474B-950A-DE27921EEDEF}.Debug|Any CPU.ActiveCfg = Debug|Any CPU
		{0C7E6468-1CF7-474B-950A-DE27921EEDEF}.Debug|Any CPU.Build.0 = Debug|Any CPU
		{0C7E6468-1CF7-474B-950A-DE27921EEDEF}.Release|Any CPU.ActiveCfg = Release|Any CPU
		{0C7E6468-1CF7-474B-950A-DE27921EEDEF}.Release|Any CPU.Build.0 = Release|Any CPU
		{7139BAF8-DF6C-40CB-802B-06CE35E14613}.Debug|Any CPU.ActiveCfg = Debug|Any CPU
		{7139BAF8-DF6C-40CB-802B-06CE35E14613}.Debug|Any CPU.Build.0 = Debug|Any CPU
		{7139BAF8-DF6C-40CB-802B-06CE35E14613}.Release|Any CPU.ActiveCfg = Release|Any CPU
		{7139BAF8-DF6C-40CB-802B-06CE35E14613}.Release|Any CPU.Build.0 = Release|Any CPU
		{861B5D2E-913C-40F8-8C75-E462349AA963}.Debug|Any CPU.ActiveCfg = Debug|Any CPU
		{861B5D2E-913C-40F8-8C75-E462349AA963}.Debug|Any CPU.Build.0 = Debug|Any CPU
		{861B5D2E-913C-40F8-8C75-E462349AA963}.Release|Any CPU.ActiveCfg = Release|Any CPU
		{861B5D2E-913C-40F8-8C75-E462349AA963}.Release|Any CPU.Build.0 = Release|Any CPU
	EndGlobalSection
	GlobalSection(SolutionProperties) = preSolution
		HideSolutionNode = FALSE
	EndGlobalSection
	GlobalSection(ExtensibilityGlobals) = postSolution
		SolutionGuid = {8672E565-308F-4B52-9948-F158842AF4FB}
	EndGlobalSection
EndGlobal
